
Microsoft Visual Studio Solution File, Format Version 12.00
# Visual Studio Version 17
VisualStudioVersion = 17.2.32516.85
MinimumVisualStudioVersion = 10.0.40219.1
Project("{2150E333-8FDC-42A3-9474-1A3956D46DE8}") = "src", "src", "{37B0E829-4B04-40FF-A712-24C5C550D693}"
EndProject
Project("{2150E333-8FDC-42A3-9474-1A3956D46DE8}") = "tests", "tests", "{86906F01-4AC7-4EB0-9FF1-ADDFABE5751D}"
EndProject
Project("{2150E333-8FDC-42A3-9474-1A3956D46DE8}") = "docs", "docs", "{F8987EAA-FA20-45B7-9150-78D84C61548C}"
EndProject
Project("{2150E333-8FDC-42A3-9474-1A3956D46DE8}") = "core", "core", "{2BE1812C-87F3-48EF-836B-522C62921240}"
EndProject
Project("{2150E333-8FDC-42A3-9474-1A3956D46DE8}") = "infra", "infra", "{E416D796-363E-4518-809C-DAB8882191C6}"
EndProject
Project("{2150E333-8FDC-42A3-9474-1A3956D46DE8}") = "persistence", "persistence", "{A71F8F24-7ED7-485E-AB89-74BE205535E5}"
EndProject
Project("{2150E333-8FDC-42A3-9474-1A3956D46DE8}") = "presentation", "presentation", "{C8125168-5397-40D1-BE52-E4A5C1F1469D}"
EndProject
Project("{9A19103F-16F7-4668-BE54-9A1E7A4F7556}") = "Toplearn_Blog.Domain", "Toplearn_Blog.Domain\Toplearn_Blog.Domain.csproj", "{E2AE7077-BF14-4ABB-BD71-6F5A5113929C}"
EndProject
Project("{9A19103F-16F7-4668-BE54-9A1E7A4F7556}") = "Toplearn_Blog.Application", "Toplearn_Blog.Application\Toplearn_Blog.Application.csproj", "{BA66C2CD-50B7-43C1-AC63-F56F09377B5A}"
EndProject
Project("{9A19103F-16F7-4668-BE54-9A1E7A4F7556}") = "Toplearn_Blog.Persistence", "Toplearn_Blog.Persistence\Toplearn_Blog.Persistence.csproj", "{EA353746-FFA6-4070-AFE4-D264CCC7DF70}"
EndProject
Project("{9A19103F-16F7-4668-BE54-9A1E7A4F7556}") = "Toplearn_Blog.Infrastructure", "Toplearn_Blog.Infrastructure\Toplearn_Blog.Infrastructure.csproj", "{D36F09C9-5709-4D81-8436-68ED546D5D3E}"
EndProject
Project("{9A19103F-16F7-4668-BE54-9A1E7A4F7556}") = "Toplearn_Blog.Dashboard", "Toplearn_Blog.Dashboard\Toplearn_Blog.Dashboard.csproj", "{983EEF63-0D6C-4CC8-8D58-B7A121085A29}"
EndProject
Project("{9A19103F-16F7-4668-BE54-9A1E7A4F7556}") = "Toplearn_Blog.UI", "Toplearn_Blog.UI\Toplearn_Blog.UI.csproj", "{25997BE1-5FE2-423A-8974-6D993D503190}"
EndProject
Project("{2150E333-8FDC-42A3-9474-1A3956D46DE8}") = "shared", "shared", "{7E454B43-62D6-4661-AED2-9D43B234E781}"
EndProject
Project("{9A19103F-16F7-4668-BE54-9A1E7A4F7556}") = "Toplearn_Blog.Shared", "Toplearn_Blog.Shared\Toplearn_Blog.Shared.csproj", "{99ABEF60-503B-4716-961F-289C88E1D7AD}"
EndProject
Project("{9A19103F-16F7-4668-BE54-9A1E7A4F7556}") = "Toplearn_Blog.WebAPI", "Toplearn_Blog.WebAPI\Toplearn_Blog.WebAPI.csproj", "{6B17F4B3-B821-4539-B23A-7FA2E5BBD471}"
EndProject
Global
	GlobalSection(SolutionConfigurationPlatforms) = preSolution
		Debug|Any CPU = Debug|Any CPU
		Release|Any CPU = Release|Any CPU
	EndGlobalSection
	GlobalSection(ProjectConfigurationPlatforms) = postSolution
		{E2AE7077-BF14-4ABB-BD71-6F5A5113929C}.Debug|Any CPU.ActiveCfg = Debug|Any CPU
		{E2AE7077-BF14-4ABB-BD71-6F5A5113929C}.Debug|Any CPU.Build.0 = Debug|Any CPU
		{E2AE7077-BF14-4ABB-BD71-6F5A5113929C}.Release|Any CPU.ActiveCfg = Release|Any CPU
		{E2AE7077-BF14-4ABB-BD71-6F5A5113929C}.Release|Any CPU.Build.0 = Release|Any CPU
		{BA66C2CD-50B7-43C1-AC63-F56F09377B5A}.Debug|Any CPU.ActiveCfg = Debug|Any CPU
		{BA66C2CD-50B7-43C1-AC63-F56F09377B5A}.Debug|Any CPU.Build.0 = Debug|Any CPU
		{BA66C2CD-50B7-43C1-AC63-F56F09377B5A}.Release|Any CPU.ActiveCfg = Release|Any CPU
		{BA66C2CD-50B7-43C1-AC63-F56F09377B5A}.Release|Any CPU.Build.0 = Release|Any CPU
		{EA353746-FFA6-4070-AFE4-D264CCC7DF70}.Debug|Any CPU.ActiveCfg = Debug|Any CPU
		{EA353746-FFA6-4070-AFE4-D264CCC7DF70}.Debug|Any CPU.Build.0 = Debug|Any CPU
		{EA353746-FFA6-4070-AFE4-D264CCC7DF70}.Release|Any CPU.ActiveCfg = Release|Any CPU
		{EA353746-FFA6-4070-AFE4-D264CCC7DF70}.Release|Any CPU.Build.0 = Release|Any CPU
		{D36F09C9-5709-4D81-8436-68ED546D5D3E}.Debug|Any CPU.ActiveCfg = Debug|Any CPU
		{D36F09C9-5709-4D81-8436-68ED546D5D3E}.Debug|Any CPU.Build.0 = Debug|Any CPU
		{D36F09C9-5709-4D81-8436-68ED546D5D3E}.Release|Any CPU.ActiveCfg = Release|Any CPU
		{D36F09C9-5709-4D81-8436-68ED546D5D3E}.Release|Any CPU.Build.0 = Release|Any CPU
		{983EEF63-0D6C-4CC8-8D58-B7A121085A29}.Debug|Any CPU.ActiveCfg = Debug|Any CPU
		{983EEF63-0D6C-4CC8-8D58-B7A121085A29}.Debug|Any CPU.Build.0 = Debug|Any CPU
		{983EEF63-0D6C-4CC8-8D58-B7A121085A29}.Release|Any CPU.ActiveCfg = Release|Any CPU
		{983EEF63-0D6C-4CC8-8D58-B7A121085A29}.Release|Any CPU.Build.0 = Release|Any CPU
		{25997BE1-5FE2-423A-8974-6D993D503190}.Debug|Any CPU.ActiveCfg = Debug|Any CPU
		{25997BE1-5FE2-423A-8974-6D993D503190}.Debug|Any CPU.Build.0 = Debug|Any CPU
		{25997BE1-5FE2-423A-8974-6D993D503190}.Release|Any CPU.ActiveCfg = Release|Any CPU
		{25997BE1-5FE2-423A-8974-6D993D503190}.Release|Any CPU.Build.0 = Release|Any CPU
		{99ABEF60-503B-4716-961F-289C88E1D7AD}.Debug|Any CPU.ActiveCfg = Debug|Any CPU
		{99ABEF60-503B-4716-961F-289C88E1D7AD}.Debug|Any CPU.Build.0 = Debug|Any CPU
		{99ABEF60-503B-4716-961F-289C88E1D7AD}.Release|Any CPU.ActiveCfg = Release|Any CPU
		{99ABEF60-503B-4716-961F-289C88E1D7AD}.Release|Any CPU.Build.0 = Release|Any CPU
		{6B17F4B3-B821-4539-B23A-7FA2E5BBD471}.Debug|Any CPU.ActiveCfg = Debug|Any CPU
		{6B17F4B3-B821-4539-B23A-7FA2E5BBD471}.Debug|Any CPU.Build.0 = Debug|Any CPU
		{6B17F4B3-B821-4539-B23A-7FA2E5BBD471}.Release|Any CPU.ActiveCfg = Release|Any CPU
		{6B17F4B3-B821-4539-B23A-7FA2E5BBD471}.Release|Any CPU.Build.0 = Release|Any CPU
	EndGlobalSection
	GlobalSection(SolutionProperties) = preSolution
		HideSolutionNode = FALSE
	EndGlobalSection
	GlobalSection(NestedProjects) = preSolution
		{2BE1812C-87F3-48EF-836B-522C62921240} = {37B0E829-4B04-40FF-A712-24C5C550D693}
		{E416D796-363E-4518-809C-DAB8882191C6} = {37B0E829-4B04-40FF-A712-24C5C550D693}
		{A71F8F24-7ED7-485E-AB89-74BE205535E5} = {37B0E829-4B04-40FF-A712-24C5C550D693}
		{C8125168-5397-40D1-BE52-E4A5C1F1469D} = {37B0E829-4B04-40FF-A712-24C5C550D693}
		{E2AE7077-BF14-4ABB-BD71-6F5A5113929C} = {2BE1812C-87F3-48EF-836B-522C62921240}
		{BA66C2CD-50B7-43C1-AC63-F56F09377B5A} = {2BE1812C-87F3-48EF-836B-522C62921240}
		{EA353746-FFA6-4070-AFE4-D264CCC7DF70} = {A71F8F24-7ED7-485E-AB89-74BE205535E5}
		{D36F09C9-5709-4D81-8436-68ED546D5D3E} = {E416D796-363E-4518-809C-DAB8882191C6}
		{983EEF63-0D6C-4CC8-8D58-B7A121085A29} = {C8125168-5397-40D1-BE52-E4A5C1F1469D}
		{25997BE1-5FE2-423A-8974-6D993D503190} = {C8125168-5397-40D1-BE52-E4A5C1F1469D}
		{7E454B43-62D6-4661-AED2-9D43B234E781} = {37B0E829-4B04-40FF-A712-24C5C550D693}
		{99ABEF60-503B-4716-961F-289C88E1D7AD} = {7E454B43-62D6-4661-AED2-9D43B234E781}
		{6B17F4B3-B821-4539-B23A-7FA2E5BBD471} = {C8125168-5397-40D1-BE52-E4A5C1F1469D}
	EndGlobalSection
	GlobalSection(ExtensibilityGlobals) = postSolution
		SolutionGuid = {29A37D82-91B5-470B-8C4B-13464892AE9F}
	EndGlobalSection
EndGlobal
